{
  "name": "day12reactapp",
  "version": "1.0.0",
  "lockfileVersion": 3,
  "requires": true,
  "packages": {
    "": {
      "name": "day12reactapp",
      "version": "1.0.0",
      "license": "ISC",
      "dependencies": {
        "dom": "^0.0.3",
        "react": "^19.0.0"
      }
    },
    "node_modules/dom": {
      "version": "0.0.3",
      "resolved": "https://registry.npmjs.org/dom/-/dom-0.0.3.tgz",
      "integrity": "sha512-Uzda1zIAXO8JG2fm6IbJcdzBrRaC5Q308HTIjCXCQHh7ZVACJOeQzYYvd99plJ2/HUpZQk9IxNI/Y+QrO6poIQ=="
    },
    "node_modules/react": {
      "version": "19.0.0",
      "resolved": "https://registry.npmjs.org/react/-/react-19.0.0.tgz",
      "integrity": "sha512-V8AVnmPIICiWpGfm6GLzCR/W5FXLchHop40W4nXBmdlEceh16rCN8O8LNWm5bh5XUX91fh7KpA+W0TgMKmgTpQ==",
      "engines": {
        "node": ">=0.10.0"
      }
    }
  }
}
